{
    "_readme": [
        "This file locks the dependencies of your project to a known state",
        "Read more about it at https://getcomposer.org/doc/01-basic-usage.md#composer-lock-the-lock-file",
        "This file is @generated automatically"
    ],
    "hash": "a34aaae732b13e1989dc04f995eeebab",
    "content-hash": "363cae93ea516fcc16a15cfc567781d5",
    "packages": [],
    "packages-dev": [
        {
            "name": "rasodu/dlemp",
            "version": "dev-master",
            "source": {
                "type": "git",
                "url": "https://github.com/rasodu/DLEMP.git",
                "reference": "7a6e7a6f4c697a0d565b1f2bbdbf9f885b91cf9a"
            },
            "dist": {
                "type": "zip",
                "url": "https://api.github.com/repos/rasodu/DLEMP/zipball/7a6e7a6f4c697a0d565b1f2bbdbf9f885b91cf9a",
                "reference": "7a6e7a6f4c697a0d565b1f2bbdbf9f885b91cf9a",
                "shasum": ""
            },
            "require-dev": {
                "elasticsearch/elasticsearch": "2.2.2",
                "illuminate/filesystem": "~5.2",
                "league/flysystem-aws-s3-v3": "~1.0",
                "pda/pheanstalk": "~3.0",
                "phpmailer/phpmailer": "~5.2",
                "phpunit/phpunit": "~4.0",
                "predis/predis": "~1.0",
                "sebastian/peek-and-poke": "dev-master",
                "symfony/process": "~3.0"
            },
            "type": "library",
            "autoload-dev": {
                "classmap": [
                    "tests/TestCase.php"
                ]
            },
            "authors": [
                {
                    "name": "Abhijit Amin",
                    "email": "abhijitramin@gmail.com"
                }
            ],
            "description": "LEMP server",
            "homepage": "https://github.com/rasodu/DLEMP",
            "support": {
                "source": "https://github.com/rasodu/DLEMP/tree/master",
                "issues": "https://github.com/rasodu/DLEMP/issues"
            },
            "time": "2016-12-11 05:07:54"
        }
    ],
    "aliases": [],
    "minimum-stability": "stable",
    "stability-flags": {
        "rasodu/dlemp": 20
    },
    "prefer-stable": false,
    "prefer-lowest": false,
    "platform": [],
    "platform-dev": []
}
