{
    "_readme": [
        "This file locks the dependencies of your project to a known state",
        "Read more about it at https://getcomposer.org/doc/01-basic-usage.md#composer-lock-the-lock-file",
        "This file is @generated automatically"
    ],
    "content-hash": "f4f30c8a250932f2a796b3d2919afeec",
    "packages": [],
    "packages-dev": [
        {
            "name": "rasodu/dlemp",
            "version": "dev-master",
            "source": {
                "type": "git",
                "url": "https://github.com/rasodu/DLEMP.git",
                "reference": "91a975a57d4acd4f8df724007b5fe064007b450c"
            },
            "dist": {
                "type": "zip",
                "url": "https://api.github.com/repos/rasodu/DLEMP/zipball/91a975a57d4acd4f8df724007b5fe064007b450c",
                "reference": "91a975a57d4acd4f8df724007b5fe064007b450c",
                "shasum": ""
            },
            "require-dev": {
                "aws/aws-sdk-php": "~3.22",
                "elasticsearch/elasticsearch": "2.2.2",
                "illuminate/filesystem": "~5.2",
                "league/flysystem-aws-s3-v3": "~1.0",
                "pda/pheanstalk": "~3.0",
                "phpmailer/phpmailer": "~5.2",
                "phpunit/phpunit": "~4.0",
                "predis/predis": "~1.0",
                "sebastian/peek-and-poke": "dev-master",
                "symfony/process": "~3.0"
            },
            "type": "library",
            "autoload-dev": {
                "classmap": [
                    "tests/TestCase.php"
                ]
            },
            "authors": [
                {
                    "name": "Abhijit Amin",
                    "email": "abhijitramin@gmail.com"
                }
            ],
            "description": "LEMP server",
            "homepage": "https://github.com/rasodu/DLEMP",
            "support": {
                "source": "https://github.com/rasodu/DLEMP/tree/master",
                "issues": "https://github.com/rasodu/DLEMP/issues"
            },
            "time": "2017-03-12T06:22:30+00:00"
        }
    ],
    "aliases": [],
    "minimum-stability": "stable",
    "stability-flags": {
        "rasodu/dlemp": 20
    },
    "prefer-stable": false,
    "prefer-lowest": false,
    "platform": [],
    "platform-dev": []
}
